// !$*UTF8*$!
{
	archiveVersion = 1;
	classes = {
	};
	objectVersion = 48;
	objects = {

/* Begin PBXBuildFile section */
		D78EA8AA1F1EB3C800201AFE /* AppDelegate.swift in Sources */ = {isa = PBXBuildFile; fileRef = D78EA8A91F1EB3C800201AFE /* AppDelegate.swift */; };
		D78EA8AC1F1EB3C800201AFE /* art.scnassets in Resources */ = {isa = PBXBuildFile; fileRef = D78EA8AB1F1EB3C800201AFE /* art.scnassets */; };
		D78EA8AE1F1EB3C800201AFE /* ViewController.swift in Sources */ = {isa = PBXBuildFile; fileRef = D78EA8AD1F1EB3C800201AFE /* ViewController.swift */; };
		D78EA8B11F1EB3C800201AFE /* Main.storyboard in Resources */ = {isa = PBXBuildFile; fileRef = D78EA8AF1F1EB3C800201AFE /* Main.storyboard */; };
		D78EA8B31F1EB3C800201AFE /* Assets.xcassets in Resources */ = {isa = PBXBuildFile; fileRef = D78EA8B21F1EB3C800201AFE /* Assets.xcassets */; };
		D78EA8B61F1EB3C800201AFE /* LaunchScreen.storyboard in Resources */ = {isa = PBXBuildFile; fileRef = D78EA8B41F1EB3C800201AFE /* LaunchScreen.storyboard */; };
		D78EA8C21F1ECB6F00201AFE /* FocusSquare.swift in Sources */ = {isa = PBXBuildFile; fileRef = D78EA8C11F1ECB6700201AFE /* FocusSquare.swift */; };
		D78EA8C31F1ECB7200201AFE /* Utilities.swift in Sources */ = {isa = PBXBuildFile; fileRef = D78EA8C01F1ECB6700201AFE /* Utilities.swift */; };
/* End PBXBuildFile section */

/* Begin PBXFileReference section */
		D78EA8A61F1EB3C800201AFE /* MeasureThings.app */ = {isa = PBXFileReference; explicitFileType = wrapper.application; includeInIndex = 0; path = MeasureThings.app; sourceTree = BUILT_PRODUCTS_DIR; };
		D78EA8A91F1EB3C800201AFE /* AppDelegate.swift */ = {isa = PBXFileReference; lastKnownFileType = sourcecode.swift; path = AppDelegate.swift; sourceTree = "<group>"; };
		D78EA8AB1F1EB3C800201AFE /* art.scnassets */ = {isa = PBXFileReference; lastKnownFileType = wrapper.scnassets; path = art.scnassets; sourceTree = "<group>"; };
		D78EA8AD1F1EB3C800201AFE /* ViewController.swift */ = {isa = PBXFileReference; lastKnownFileType = sourcecode.swift; path = ViewController.swift; sourceTree = "<group>"; };
		D78EA8B01F1EB3C800201AFE /* Base */ = {isa = PBXFileReference; lastKnownFileType = file.storyboard; name = Base; path = Base.lproj/Main.storyboard; sourceTree = "<group>"; };
		D78EA8B21F1EB3C800201AFE /* Assets.xcassets */ = {isa = PBXFileReference; lastKnownFileType = folder.assetcatalog; path = Assets.xcassets; sourceTree = "<group>"; };
		D78EA8B51F1EB3C800201AFE /* Base */ = {isa = PBXFileReference; lastKnownFileType = file.storyboard; name = Base; path = Base.lproj/LaunchScreen.storyboard; sourceTree = "<group>"; };
		D78EA8B71F1EB3C800201AFE /* Info.plist */ = {isa = PBXFileReference; lastKnownFileType = text.plist.xml; path = Info.plist; sourceTree = "<group>"; };
		D78EA8C01F1ECB6700201AFE /* Utilities.swift */ = {isa = PBXFileReference; lastKnownFileType = sourcecode.swift; path = Utilities.swift; sourceTree = "<group>"; };
		D78EA8C11F1ECB6700201AFE /* FocusSquare.swift */ = {isa = PBXFileReference; lastKnownFileType = sourcecode.swift; path = FocusSquare.swift; sourceTree = "<group>"; };
/* End PBXFileReference section */

/* Begin PBXFrameworksBuildPhase section */
		D78EA8A31F1EB3C800201AFE /* Frameworks */ = {
			isa = PBXFrameworksBuildPhase;
			buildActionMask = 2147483647;
			files = (
			);
			runOnlyForDeploymentPostprocessing = 0;
		};
/* End PBXFrameworksBuildPhase section */

/* Begin PBXGroup section */
		D78EA89D1F1EB3C800201AFE = {
			isa = PBXGroup;
			children = (
				D78EA8A81F1EB3C800201AFE /* MeasureThings */,
				D78EA8A71F1EB3C800201AFE /* Products */,
			);
			sourceTree = "<group>";
		};
		D78EA8A71F1EB3C800201AFE /* Products */ = {
			isa = PBXGroup;
			children = (
				D78EA8A61F1EB3C800201AFE /* MeasureThings.app */,
			);
			name = Products;
			sourceTree = "<group>";
		};
		D78EA8A81F1EB3C800201AFE /* MeasureThings */ = {
			isa = PBXGroup;
			children = (
				D78EA8A91F1EB3C800201AFE /* AppDelegate.swift */,
				D78EA8AB1F1EB3C800201AFE /* art.scnassets */,
				D78EA8AD1F1EB3C800201AFE /* ViewController.swift */,
				D78EA8BF1F1ECB4C00201AFE /* Apple */,
				D78EA8AF1F1EB3C800201AFE /* Main.storyboard */,
				D78EA8B21F1EB3C800201AFE /* Assets.xcassets */,
				D78EA8B41F1EB3C800201AFE /* LaunchScreen.storyboard */,
				D78EA8B71F1EB3C800201AFE /* Info.plist */,
			);
			path = MeasureThings;
			sourceTree = "<group>";
		};
		D78EA8BF1F1ECB4C00201AFE /* Apple */ = {
			isa = PBXGroup;
			children = (
				D78EA8C11F1ECB6700201AFE /* FocusSquare.swift */,
				D78EA8C01F1ECB6700201AFE /* Utilities.swift */,
			);
			path = Apple;
			sourceTree = "<group>";
		};
/* End PBXGroup section */

/* Begin PBXNativeTarget section */
		D78EA8A51F1EB3C800201AFE /* MeasureThings */ = {
			isa = PBXNativeTarget;
			buildConfigurationList = D78EA8BA1F1EB3C800201AFE /* Build configuration list for PBXNativeTarget "MeasureThings" */;
			buildPhases = (
				D78EA8A21F1EB3C800201AFE /* Sources */,
				D78EA8A31F1EB3C800201AFE /* Frameworks */,
				D78EA8A41F1EB3C800201AFE /* Resources */,
			);
			buildRules = (
			);
			dependencies = (
			);
			name = MeasureThings;
			productName = MeasureThings;
			productReference = D78EA8A61F1EB3C800201AFE /* MeasureThings.app */;
			productType = "com.apple.product-type.application";
		};
/* End PBXNativeTarget section */

/* Begin PBXProject section */
		D78EA89E1F1EB3C800201AFE /* Project object */ = {
			isa = PBXProject;
			attributes = {
				LastSwiftUpdateCheck = 0900;
				LastUpgradeCheck = 0900;
				ORGANIZATIONNAME = Whitesmith;
				TargetAttributes = {
					D78EA8A51F1EB3C800201AFE = {
						CreatedOnToolsVersion = 9.0;
					};
				};
			};
			buildConfigurationList = D78EA8A11F1EB3C800201AFE /* Build configuration list for PBXProject "MeasureThings" */;
			compatibilityVersion = "Xcode 8.0";
			developmentRegion = en;
			hasScannedForEncodings = 0;
			knownRegions = (
				en,
				Base,
			);
			mainGroup = D78EA89D1F1EB3C800201AFE;
			productRefGroup = D78EA8A71F1EB3C800201AFE /* Products */;
			projectDirPath = "";
			projectRoot = "";
			targets = (
				D78EA8A51F1EB3C800201AFE /* MeasureThings */,
			);
		};
/* End PBXProject section */

/* Begin PBXResourcesBuildPhase section */
		D78EA8A41F1EB3C800201AFE /* Resources */ = {
			isa = PBXResourcesBuildPhase;
			buildActionMask = 2147483647;
			files = (
				D78EA8AC1F1EB3C800201AFE /* art.scnassets in Resources */,
				D78EA8B61F1EB3C800201AFE /* LaunchScreen.storyboard in Resources */,
				D78EA8B31F1EB3C800201AFE /* Assets.xcassets in Resources */,
				D78EA8B11F1EB3C800201AFE /* Main.storyboard in Resources */,
			);
			runOnlyForDeploymentPostprocessing = 0;
		};
/* End PBXResourcesBuildPhase section */

/* Begin PBXSourcesBuildPhase section */
		D78EA8A21F1EB3C800201AFE /* Sources */ = {
			isa = PBXSourcesBuildPhase;
			buildActionMask = 2147483647;
			files = (
				D78EA8AE1F1EB3C800201AFE /* ViewController.swift in Sources */,
				D78EA8C21F1ECB6F00201AFE /* FocusSquare.swift in Sources */,
				D78EA8C31F1ECB7200201AFE /* Utilities.swift in Sources */,
				D78EA8AA1F1EB3C800201AFE /* AppDelegate.swift in Sources */,
			);
			runOnlyForDeploymentPostprocessing = 0;
		};
/* End PBXSourcesBuildPhase section */

/* Begin PBXVariantGroup section */
		D78EA8AF1F1EB3C800201AFE /* Main.storyboard */ = {
			isa = PBXVariantGroup;
			children = (
				D78EA8B01F1EB3C800201AFE /* Base */,
			);
			name = Main.storyboard;
			sourceTree = "<group>";
		};
		D78EA8B41F1EB3C800201AFE /* LaunchScreen.storyboard */ = {
			isa = PBXVariantGroup;
			children = (
				D78EA8B51F1EB3C800201AFE /* Base */,
			);
			name = LaunchScreen.storyboard;
			sourceTree = "<group>";
		};
/* End PBXVariantGroup section */

/* Begin XCBuildConfiguration section */
		D78EA8B81F1EB3C800201AFE /* Debug */ = {
			isa = XCBuildConfiguration;
			buildSettings = {
				ALWAYS_SEARCH_USER_PATHS = NO;
				CLANG_ANALYZER_NONNULL = YES;
				CLANG_ANALYZER_NUMBER_OBJECT_CONVERSION = YES_AGGRESSIVE;
				CLANG_CXX_LANGUAGE_STANDARD = "gnu++14";
				CLANG_CXX_LIBRARY = "libc++";
				CLANG_ENABLE_MODULES = YES;
				CLANG_ENABLE_OBJC_ARC = YES;
				CLANG_WARN_BLOCK_CAPTURE_AUTORELEASING = YES;
				CLANG_WARN_BOOL_CONVERSION = YES;
				CLANG_WARN_COMMA = YES;
				CLANG_WARN_CONSTANT_CONVERSION = YES;
				CLANG_WARN_DIRECT_OBJC_ISA_USAGE = YES_ERROR;
				CLANG_WARN_DOCUMENTATION_COMMENTS = YES;
				CLANG_WARN_EMPTY_BODY = YES;
				CLANG_WARN_ENUM_CONVERSION = YES;
				CLANG_WARN_INFINITE_RECURSION = YES;
				CLANG_WARN_INT_CONVERSION = YES;
				CLANG_WARN_NON_LITERAL_NULL_CONVERSION = YES;
				CLANG_WARN_OBJC_LITERAL_CONVERSION = YES;
				CLANG_WARN_OBJC_ROOT_CLASS = YES_ERROR;
				CLANG_WARN_RANGE_LOOP_ANALYSIS = YES;
				CLANG_WARN_STRICT_PROTOTYPES = YES;
				CLANG_WARN_SUSPICIOUS_MOVE = YES;
				CLANG_WARN_UNGUARDED_AVAILABILITY = YES_AGGRESSIVE;
				CLANG_WARN_UNREACHABLE_CODE = YES;
				CLANG_WARN__DUPLICATE_METHOD_MATCH = YES;
				CODE_SIGN_IDENTITY = "iPhone Developer";
				COPY_PHASE_STRIP = NO;
				DEBUG_INFORMATION_FORMAT = dwarf;
				ENABLE_STRICT_OBJC_MSGSEND = YES;
				ENABLE_TESTABILITY = YES;
				GCC_C_LANGUAGE_STANDARD = gnu11;
				GCC_DYNAMIC_NO_PIC = NO;
				GCC_NO_COMMON_BLOCKS = YES;
				GCC_OPTIMIZATION_LEVEL = 0;
				GCC_PREPROCESSOR_DEFINITIONS = (
					"DEBUG=1",
					"$(inherited)",
				);
				GCC_WARN_64_TO_32_BIT_CONVERSION = YES;
				GCC_WARN_ABOUT_RETURN_TYPE = YES_ERROR;
				GCC_WARN_UNDECLARED_SELECTOR = YES;
				GCC_WARN_UNINITIALIZED_AUTOS = YES_AGGRESSIVE;
				GCC_WARN_UNUSED_FUNCTION = YES;
				GCC_WARN_UNUSED_VARIABLE = YES;
				IPHONEOS_DEPLOYMENT_TARGET = 11.0;
				MTL_ENABLE_DEBUG_INFO = YES;
				ONLY_ACTIVE_ARCH = YES;
				SDKROOT = iphoneos;
				SWIFT_ACTIVE_COMPILATION_CONDITIONS = DEBUG;
				SWIFT_OPTIMIZATION_LEVEL = "-Onone";
			};
			name = Debug;
		};
		D78EA8B91F1EB3C800201AFE /* Release */ = {
			isa = XCBuildConfiguration;
			buildSettings = {
				ALWAYS_SEARCH_USER_PATHS = NO;
				CLANG_ANALYZER_NONNULL = YES;
				CLANG_ANALYZER_NUMBER_OBJECT_CONVERSION = YES_AGGRESSIVE;
				CLANG_CXX_LANGUAGE_STANDARD = "gnu++14";
				CLANG_CXX_LIBRARY = "libc++";
				CLANG_ENABLE_MODULES = YES;
				CLANG_ENABLE_OBJC_ARC = YES;
				CLANG_WARN_BLOCK_CAPTURE_AUTORELEASING = YES;
				CLANG_WARN_BOOL_CONVERSION = YES;
				CLANG_WARN_COMMA = YES;
				CLANG_WARN_CONSTANT_CONVERSION = YES;
				CLANG_WARN_DIRECT_OBJC_ISA_USAGE = YES_ERROR;
				CLANG_WARN_DOCUMENTATION_COMMENTS = YES;
				CLANG_WARN_EMPTY_BODY = YES;
				CLANG_WARN_ENUM_CONVERSION = YES;
				CLANG_WARN_INFINITE_RECURSION = YES;
				CLANG_WARN_INT_CONVERSION = YES;
				CLANG_WARN_NON_LITERAL_NULL_CONVERSION = YES;
				CLANG_WARN_OBJC_LITERAL_CONVERSION = YES;
				CLANG_WARN_OBJC_ROOT_CLASS = YES_ERROR;
				CLANG_WARN_RANGE_LOOP_ANALYSIS = YES;
				CLANG_WARN_STRICT_PROTOTYPES = YES;
				CLANG_WARN_SUSPICIOUS_MOVE = YES;
				CLANG_WARN_UNGUARDED_AVAILABILITY = YES_AGGRESSIVE;
				CLANG_WARN_UNREACHABLE_CODE = YES;
				CLANG_WARN__DUPLICATE_METHOD_MATCH = YES;
				CODE_SIGN_IDENTITY = "iPhone Developer";
				COPY_PHASE_STRIP = NO;
				DEBUG_INFORMATION_FORMAT = "dwarf-with-dsym";
				ENABLE_NS_ASSERTIONS = NO;
				ENABLE_STRICT_OBJC_MSGSEND = YES;
				GCC_C_LANGUAGE_STANDARD = gnu11;
				GCC_NO_COMMON_BLOCKS = YES;
				GCC_WARN_64_TO_32_BIT_CONVERSION = YES;
				GCC_WARN_ABOUT_RETURN_TYPE = YES_ERROR;
				GCC_WARN_UNDECLARED_SELECTOR = YES;
				GCC_WARN_UNINITIALIZED_AUTOS = YES_AGGRESSIVE;
				GCC_WARN_UNUSED_FUNCTION = YES;
				GCC_WARN_UNUSED_VARIABLE = YES;
				IPHONEOS_DEPLOYMENT_TARGET = 11.0;
				MTL_ENABLE_DEBUG_INFO = NO;
				SDKROOT = iphoneos;
				SWIFT_OPTIMIZATION_LEVEL = "-Owholemodule";
				VALIDATE_PRODUCT = YES;
			};
			name = Release;
		};
		D78EA8BB1F1EB3C800201AFE /* Debug */ = {
			isa = XCBuildConfiguration;
			buildSettings = {
				ASSETCATALOG_COMPILER_APPICON_NAME = AppIcon;
				DEVELOPMENT_TEAM = 2E58BZR8M3;
				INFOPLIST_FILE = MeasureThings/Info.plist;
				LD_RUNPATH_SEARCH_PATHS = "$(inherited) @executable_path/Frameworks";
				PRODUCT_BUNDLE_IDENTIFIER = co.whitesmith.MeasureThings;
				PRODUCT_NAME = "$(TARGET_NAME)";
				SWIFT_VERSION = 4.0;
				TARGETED_DEVICE_FAMILY = "1,2";
			};
			name = Debug;
		};
		D78EA8BC1F1EB3C800201AFE /* Release */ = {
			isa = XCBuildConfiguration;
			buildSettings = {
				ASSETCATALOG_COMPILER_APPICON_NAME = AppIcon;
				DEVELOPMENT_TEAM = 2E58BZR8M3;
				INFOPLIST_FILE = MeasureThings/Info.plist;
				LD_RUNPATH_SEARCH_PATHS = "$(inherited) @executable_path/Frameworks";
				PRODUCT_BUNDLE_IDENTIFIER = co.whitesmith.MeasureThings;
				PRODUCT_NAME = "$(TARGET_NAME)";
				SWIFT_VERSION = 4.0;
				TARGETED_DEVICE_FAMILY = "1,2";
			};
			name = Release;
		};
/* End XCBuildConfiguration section */

/* Begin XCConfigurationList section */
		D78EA8A11F1EB3C800201AFE /* Build configuration list for PBXProject "MeasureThings" */ = {
			isa = XCConfigurationList;
			buildConfigurations = (
				D78EA8B81F1EB3C800201AFE /* Debug */,
				D78EA8B91F1EB3C800201AFE /* Release */,
			);
			defaultConfigurationIsVisible = 0;
			defaultConfigurationName = Release;
		};
		D78EA8BA1F1EB3C800201AFE /* Build configuration list for PBXNativeTarget "MeasureThings" */ = {
			isa = XCConfigurationList;
			buildConfigurations = (
				D78EA8BB1F1EB3C800201AFE /* Debug */,
				D78EA8BC1F1EB3C800201AFE /* Release */,
			);
			defaultConfigurationIsVisible = 0;
		};
/* End XCConfigurationList section */
	};
	rootObject = D78EA89E1F1EB3C800201AFE /* Project object */;
}
